# This file is autogenerated, do not edit; changes may be undone by the next 'dep ensure'.


[[projects]]
  digest = "1:bf9c42fc68aff5d05c3a192d385759cb63b8af292be43569994fc271e14cf971"
  name = "github.com/delphinus/random-string"
  packages = ["."]
  pruneopts = "UT"
  revision = "866a3432f55e35fd7c9e78fe07f7d3827c8df724"
  version = "v1.0.0"

[[projects]]
  digest = "1:bc014b31e2cfd46ac1bf99bd7ecf77b4dd72b816a446aa49a075147005285345"
  name = "github.com/ilpianista/go-digest-request"
  packages = ["."]
  pruneopts = "UT"
  revision = "b80f4d36fe702d0a729ddf5abbb807a3e61a9f88"
  version = "v1.0.1"

[[projects]]
  branch = "master"
  digest = "1:76ee51c3f468493aff39dbacc401e8831fbb765104cbf613b89bef01cf4bad70"
  name = "golang.org/x/net"
  packages = ["context"]
  pruneopts = "UT"
  revision = "f3200d17e092c607f615320ecaad13d87ad9a2b3"

[solve-meta]
  analyzer-name = "dep"
  analyzer-version = 1
  input-imports = ["github.com/ilpianista/go-digest-request"]
  solver-name = "gps-cdcl"
  solver-version = 1
